<?xml version="1.0" encoding="UTF-8" standalone="yes" ?>
<CodeBlocks_project_file>
	<FileVersion major="1" minor="6" />
	<Project>
		<Option title="scrabble" />
		<Option pch_mode="2" />
		<Option compiler="gcc" />
		<Build>
			<Target title="Debug">
				<Option output="bin/Debug/scrabble" prefix_auto="1" extension_auto="1" />
				<Option object_output="obj/Debug/" />
				<Option type="1" />
				<Option compiler="gcc" />
				<Compiler>
					<Add option="-g" />
					<Add directory="include" />
				</Compiler>
			</Target>
			<Target title="Release">
				<Option output="bin/Release/scrabble" prefix_auto="1" extension_auto="1" />
				<Option object_output="obj/Release/" />
				<Option type="1" />
				<Option compiler="gcc" />
				<Compiler>
					<Add option="-O2" />
					<Add directory="include" />
				</Compiler>
				<Linker>
					<Add option="-s" />
				</Linker>
			</Target>
		</Build>
		<Compiler>
			<Add option="-Wall" />
			<Add option="-fexceptions" />
		</Compiler>
		<Unit filename="include/ArbolABB.h" />
		<Unit filename="include/Archivo.h" />
		<Unit filename="include/Cola.h" />
		<Unit filename="include/Jugador.h" />
		<Unit filename="include/Lista.h" />
		<Unit filename="include/ListaDoble.h" />
		<Unit filename="include/ListaDobleC.h" />
		<Unit filename="include/ListaDobleCDiccionario.h" />
		<Unit filename="include/Matriz.h" />
		<Unit filename="include/Menu.h" />
		<Unit filename="include/NodoCola.h" />
		<Unit filename="include/NodoLista.h" />
		<Unit filename="include/NodoListaDoble.h" />
		<Unit filename="include/NodoListaDobleC.h" />
		<Unit filename="include/NodoMatriz.h" />
		<Unit filename="include/nodoABB.h" />
		<Unit filename="main.cpp" />
		<Unit filename="src/ArbolABB.cpp" />
		<Unit filename="src/Archivo.cpp" />
		<Unit filename="src/Cola.cpp" />
		<Unit filename="src/Jugador.cpp" />
		<Unit filename="src/Lista.cpp" />
		<Unit filename="src/ListaDoble.cpp" />
		<Unit filename="src/ListaDobleC.cpp" />
		<Unit filename="src/ListaDobleCDiccionario.cpp" />
		<Unit filename="src/Matriz.cpp" />
		<Unit filename="src/Menu.cpp" />
		<Unit filename="src/NodoCola.cpp" />
		<Unit filename="src/NodoLista.cpp" />
		<Unit filename="src/NodoListaDoble.cpp" />
		<Unit filename="src/NodoListaDobleC.cpp" />
		<Unit filename="src/NodoMatriz.cpp" />
		<Unit filename="src/nodoABB.cpp" />
		<Extensions>
			<code_completion />
			<envvars />
			<debugger />
			<lib_finder disable_auto="1" />
		</Extensions>
	</Project>
</CodeBlocks_project_file>
